{
  "name": "client-packages",
  "version": "0.0.0",
  "lockfileVersion": 1,
  "requires": true,
  "dependencies": {
    "@types/ragemp-c": {
      "version": "github:CocaColaBear/types-ragemp-c#abeaf5d54f568e84e4b815f9f0a86606ede0788e",
      "from": "github:CocaColaBear/types-ragemp-c#master",
      "dev": true
    }
  }
}
